// !$*UTF8*$!
{
	archiveVersion = 1;
	classes = {
	};
	objectVersion = 56;
	objects = {

/* Begin PBXBuildFile section */
		EAD100000000000000000006 /* LeadJournalExamples.swift in Sources */ = {isa = PBXBuildFile; fileRef = EAD200000000000000000006; };
		EAD100000000000000000005 /* LeadJournal.swift in Sources */ = {isa = PBXBuildFile; fileRef = EAD200000000000000000005; };
		F0F100000000000000000001 /* Market.swift in Sources */ = {isa = PBXBuildFile; fileRef = F0F200000000000000000001 /* Market.swift */; };
		F0F100000000000000000002 /* MarketExamples.swift in Sources */ = {isa = PBXBuildFile; fileRef = F0F200000000000000000002 /* MarketExamples.swift */; };
		F0F100000000000000000003 /* MarketStore.swift in Sources */ = {isa = PBXBuildFile; fileRef = F0F200000000000000000003 /* MarketStore.swift */; };
		F0F100000000000000000004 /* MarketView.swift in Sources */ = {isa = PBXBuildFile; fileRef = F0F200000000000000000004 /* MarketView.swift */; };
		F0F100000000000000000005 /* MarketPeopleView.swift in Sources */ = {isa = PBXBuildFile; fileRef = F0F200000000000000000005 /* MarketPeopleView.swift */; };
		F0F100000000000000000006 /* MarketTests.swift in Sources */ = {isa = PBXBuildFile; fileRef = F0F200000000000000000006 /* MarketTests.swift */; };
		EAD100000000000000000001 /* Leads.swift in Sources */ = {isa = PBXBuildFile; fileRef = EAD200000000000000000001 /* Leads.swift */; };
		EAD100000000000000000002 /* LeadsView.swift in Sources */ = {isa = PBXBuildFile; fileRef = EAD200000000000000000002 /* LeadsView.swift */; };
		EAD100000000000000000003 /* LeadsSetupView.swift in Sources */ = {isa = PBXBuildFile; fileRef = EAD200000000000000000003 /* LeadsSetupView.swift */; };
		EAD100000000000000000004 /* LeadsTests.swift in Sources */ = {isa = PBXBuildFile; fileRef = EAD200000000000000000004 /* LeadsTests.swift */; };
		ACDD00000000000000000001 /* SalesLedger.swift in Sources */ = {isa = PBXBuildFile; fileRef = BCDD00000000000000000001; };
		A00000000000000000000008 /* Assets.xcassets in Resources */ = {isa = PBXBuildFile; fileRef = B00000000000000000000014; };
		A00000000000000000000001 /* IAPNotificationsApp.swift in Sources */ = {isa = PBXBuildFile; fileRef = B00000000000000000000001 /* IAPNotificationsApp.swift */; };
		A00000000000000000000002 /* Models.swift in Sources */ = {isa = PBXBuildFile; fileRef = B00000000000000000000002 /* Models.swift */; };
		A00000000000000000000003 /* APIClient.swift in Sources */ = {isa = PBXBuildFile; fileRef = B00000000000000000000003 /* APIClient.swift */; };
		A00000000000000000000004 /* AppModel.swift in Sources */ = {isa = PBXBuildFile; fileRef = B00000000000000000000004 /* AppModel.swift */; };
		A00000000000000000000005 /* ClientTests.swift in Sources */ = {isa = PBXBuildFile; fileRef = B00000000000000000000005 /* ClientTests.swift */; };
		A00000000000000000000006 /* Pairing.swift in Sources */ = {isa = PBXBuildFile; fileRef = B00000000000000000000012 /* Pairing.swift */; };
		A00000000000000000000007 /* PairingView.swift in Sources */ = {isa = PBXBuildFile; fileRef = B00000000000000000000013 /* PairingView.swift */; };
900000000000000000000004 = {isa = PBXBuildFile; fileRef = 900000000000000000000001; };
900000000000000000000011 = {isa = PBXBuildFile; fileRef = 900000000000000000000001; };
900000000000000000000005 = {isa = PBXBuildFile; fileRef = 900000000000000000000003; settings = {ATTRIBUTES = (RemoveHeadersOnCopy, ); }; };
		A00000000000000000000009 /* AppSetupViews.swift in Sources */ = {isa = PBXBuildFile; fileRef = B00000000000000000000015 /* AppSetupViews.swift */; };
		A00000000000000000000010 /* QueuedSales.swift in Sources */ = {isa = PBXBuildFile; fileRef = B00000000000000000000016; };
A00000000000000000000011 = {isa = PBXBuildFile; fileRef = B00000000000000000000017; };
A00000000000000000000012 = {isa = PBXBuildFile; fileRef = B00000000000000000000018; };
		A0A0A0000000000000000001 /* Trials.swift in Sources */ = {isa = PBXBuildFile; fileRef = B0B0B0000000000000000001; };
		A0A0A0000000000000000002 /* TrialsTests.swift in Sources */ = {isa = PBXBuildFile; fileRef = B0B0B0000000000000000002; };
0BD100000000000000000001 /* Onboarding.swift in Sources */ = {isa = PBXBuildFile; fileRef = 0BD200000000000000000001; };
0BD100000000000000000002 /* OnboardingViews.swift in Sources */ = {isa = PBXBuildFile; fileRef = 0BD200000000000000000002; };
0BD100000000000000000003 /* OnboardingTests.swift in Sources */ = {isa = PBXBuildFile; fileRef = 0BD200000000000000000003; };
AA7100000000000000000001 /* MarketingStore.swift in Sources */ = {isa = PBXBuildFile; fileRef = AA7200000000000000000001; };
AA7100000000000000000002 /* MarketingPaywallView.swift in Sources */ = {isa = PBXBuildFile; fileRef = AA7200000000000000000002; };
AA7100000000000000000003 /* MarketingTests.swift in Sources */ = {isa = PBXBuildFile; fileRef = AA7200000000000000000003; };
		7A7100000000000000000001 /* Tavern.swift in Sources */ = {isa = PBXBuildFile; fileRef = 7A7200000000000000000001; };
		7A7100000000000000000002 /* TavernView.swift in Sources */ = {isa = PBXBuildFile; fileRef = 7A7200000000000000000002; };
7A7100000000000000000003 /* TavernTests.swift in Sources */ = {isa = PBXBuildFile; fileRef = 7A7200000000000000000003; };
/* End PBXBuildFile section */

/* Begin PBXContainerItemProxy section */
		D00000000000000000000003 /* PBXContainerItemProxy */ = {
			isa = PBXContainerItemProxy;
			containerPortal = D00000000000000000000010 /* Project object */;
			proxyType = 1;
			remoteGlobalIDString = D00000000000000000000001;
			remoteInfo = IAPNotifications;
		};
90000000000000000000000C = {isa = PBXContainerItemProxy; containerPortal = D00000000000000000000010; proxyType = 1; remoteGlobalIDString = 900000000000000000000007; remoteInfo = NotificationService; };
/* End PBXContainerItemProxy section */

/* Begin PBXFileReference section */
		EAD200000000000000000006 /* LeadJournalExamples.swift */ = {isa = PBXFileReference; lastKnownFileType = sourcecode.swift; path = LeadJournalExamples.swift; sourceTree = "<group>"; };
		EAD200000000000000000005 /* LeadJournal.swift */ = {isa = PBXFileReference; lastKnownFileType = sourcecode.swift; path = LeadJournal.swift; sourceTree = "<group>"; };
		F0F200000000000000000001 /* Market.swift */ = {isa = PBXFileReference; lastKnownFileType = sourcecode.swift; path = Market.swift; sourceTree = "<group>"; };
		F0F200000000000000000002 /* MarketExamples.swift */ = {isa = PBXFileReference; lastKnownFileType = sourcecode.swift; path = MarketExamples.swift; sourceTree = "<group>"; };
		F0F200000000000000000003 /* MarketStore.swift */ = {isa = PBXFileReference; lastKnownFileType = sourcecode.swift; path = MarketStore.swift; sourceTree = "<group>"; };
		F0F200000000000000000004 /* MarketView.swift */ = {isa = PBXFileReference; lastKnownFileType = sourcecode.swift; path = MarketView.swift; sourceTree = "<group>"; };
		F0F200000000000000000005 /* MarketPeopleView.swift */ = {isa = PBXFileReference; lastKnownFileType = sourcecode.swift; path = MarketPeopleView.swift; sourceTree = "<group>"; };
		F0F200000000000000000006 /* MarketTests.swift */ = {isa = PBXFileReference; lastKnownFileType = sourcecode.swift; path = MarketTests.swift; sourceTree = "<group>"; };
		EAD200000000000000000001 /* Leads.swift */ = {isa = PBXFileReference; lastKnownFileType = sourcecode.swift; path = Leads.swift; sourceTree = "<group>"; };
		EAD200000000000000000002 /* LeadsView.swift */ = {isa = PBXFileReference; lastKnownFileType = sourcecode.swift; path = LeadsView.swift; sourceTree = "<group>"; };
		EAD200000000000000000003 /* LeadsSetupView.swift */ = {isa = PBXFileReference; lastKnownFileType = sourcecode.swift; path = LeadsSetupView.swift; sourceTree = "<group>"; };
		EAD200000000000000000004 /* LeadsTests.swift */ = {isa = PBXFileReference; lastKnownFileType = sourcecode.swift; path = LeadsTests.swift; sourceTree = "<group>"; };
		BCDD00000000000000000001 /* SalesLedger.swift */ = {isa = PBXFileReference; lastKnownFileType = sourcecode.swift; path = SalesLedger.swift; sourceTree = "<group>"; };
		B00000000000000000000014 /* Assets.xcassets */ = {isa = PBXFileReference; lastKnownFileType = folder.assetcatalog; path = IAPNotifications/Assets.xcassets; sourceTree = SOURCE_ROOT; };
		B00000000000000000000001 /* IAPNotificationsApp.swift */ = {isa = PBXFileReference; lastKnownFileType = sourcecode.swift; path = IAPNotificationsApp.swift; sourceTree = "<group>"; };
		B00000000000000000000002 /* Models.swift */ = {isa = PBXFileReference; lastKnownFileType = sourcecode.swift; path = Models.swift; sourceTree = "<group>"; };
		B00000000000000000000003 /* APIClient.swift */ = {isa = PBXFileReference; lastKnownFileType = sourcecode.swift; path = APIClient.swift; sourceTree = "<group>"; };
		B00000000000000000000004 /* AppModel.swift */ = {isa = PBXFileReference; lastKnownFileType = sourcecode.swift; path = AppModel.swift; sourceTree = "<group>"; };
		B00000000000000000000005 /* ClientTests.swift */ = {isa = PBXFileReference; lastKnownFileType = sourcecode.swift; path = ClientTests.swift; sourceTree = "<group>"; };
		B00000000000000000000006 /* Info-Debug.plist */ = {isa = PBXFileReference; lastKnownFileType = text.plist.xml; path = "Info-Debug.plist"; sourceTree = "<group>"; };
		B00000000000000000000007 /* Info-Release.plist */ = {isa = PBXFileReference; lastKnownFileType = text.plist.xml; path = "Info-Release.plist"; sourceTree = "<group>"; };
		B00000000000000000000008 /* IAPNotifications.entitlements */ = {isa = PBXFileReference; lastKnownFileType = text.plist.entitlements; path = IAPNotifications.entitlements; sourceTree = "<group>"; };
		B00000000000000000000010 /* IAPNotifications.app */ = {isa = PBXFileReference; explicitFileType = wrapper.application; includeInIndex = 0; path = IAPNotifications.app; sourceTree = BUILT_PRODUCTS_DIR; };
		B00000000000000000000011 /* IAPNotificationsTests.xctest */ = {isa = PBXFileReference; explicitFileType = wrapper.cfbundle; includeInIndex = 0; path = IAPNotificationsTests.xctest; sourceTree = BUILT_PRODUCTS_DIR; };
		B00000000000000000000012 /* Pairing.swift */ = {isa = PBXFileReference; lastKnownFileType = sourcecode.swift; path = Pairing.swift; sourceTree = "<group>"; };
		B00000000000000000000013 /* PairingView.swift */ = {isa = PBXFileReference; lastKnownFileType = sourcecode.swift; path = PairingView.swift; sourceTree = "<group>"; };
900000000000000000000001 = {isa = PBXFileReference; lastKnownFileType = sourcecode.swift; path = NotificationService.swift; sourceTree = "<group>"; };
900000000000000000000002 = {isa = PBXFileReference; lastKnownFileType = text.plist.xml; path = Info.plist; sourceTree = "<group>"; };
900000000000000000000003 = {isa = PBXFileReference; explicitFileType = "wrapper.app-extension"; path = NotificationService.appex; sourceTree = BUILT_PRODUCTS_DIR; };
		B00000000000000000000015 /* AppSetupViews.swift */ = {isa = PBXFileReference; lastKnownFileType = sourcecode.swift; path = AppSetupViews.swift; sourceTree = "<group>"; };
		B00000000000000000000016 /* QueuedSales.swift */ = {isa = PBXFileReference; lastKnownFileType = sourcecode.swift; path = QueuedSales.swift; sourceTree = "<group>"; };
B00000000000000000000017 = {isa = PBXFileReference; lastKnownFileType = sourcecode.swift; path = TreasureView.swift; sourceTree = "<group>"; };
B00000000000000000000018 = {isa = PBXFileReference; lastKnownFileType = file; path = "quest-chest.scn"; sourceTree = "<group>"; };
		B0B0B0000000000000000001 /* Trials.swift */ = {isa = PBXFileReference; lastKnownFileType = sourcecode.swift; path = Trials.swift; sourceTree = "<group>"; };
		B0B0B0000000000000000002 /* TrialsTests.swift */ = {isa = PBXFileReference; lastKnownFileType = sourcecode.swift; path = TrialsTests.swift; sourceTree = "<group>"; };
0BD200000000000000000001 /* Onboarding.swift */ = {isa = PBXFileReference; lastKnownFileType = sourcecode.swift; path = Onboarding.swift; sourceTree = "<group>"; };
0BD200000000000000000002 /* OnboardingViews.swift */ = {isa = PBXFileReference; lastKnownFileType = sourcecode.swift; path = OnboardingViews.swift; sourceTree = "<group>"; };
0BD200000000000000000003 /* OnboardingTests.swift */ = {isa = PBXFileReference; lastKnownFileType = sourcecode.swift; path = OnboardingTests.swift; sourceTree = "<group>"; };
AA7200000000000000000001 /* MarketingStore.swift */ = {isa = PBXFileReference; lastKnownFileType = sourcecode.swift; path = MarketingStore.swift; sourceTree = "<group>"; };
AA7200000000000000000002 /* MarketingPaywallView.swift */ = {isa = PBXFileReference; lastKnownFileType = sourcecode.swift; path = MarketingPaywallView.swift; sourceTree = "<group>"; };
AA7200000000000000000003 /* MarketingTests.swift */ = {isa = PBXFileReference; lastKnownFileType = sourcecode.swift; path = MarketingTests.swift; sourceTree = "<group>"; };
		7A7200000000000000000001 /* Tavern.swift */ = {isa = PBXFileReference; lastKnownFileType = sourcecode.swift; path = Tavern.swift; sourceTree = "<group>"; };
		7A7200000000000000000002 /* TavernView.swift */ = {isa = PBXFileReference; lastKnownFileType = sourcecode.swift; path = TavernView.swift; sourceTree = "<group>"; };
7A7200000000000000000003 /* TavernTests.swift */ = {isa = PBXFileReference; lastKnownFileType = sourcecode.swift; path = TavernTests.swift; sourceTree = "<group>"; };
/* End PBXFileReference section */

/* Begin PBXFrameworksBuildPhase section */
		E00000000000000000000002 /* Frameworks */ = {
			isa = PBXFrameworksBuildPhase;
			buildActionMask = 2147483647;
			files = (
			);
			runOnlyForDeploymentPostprocessing = 0;
		};
		E00000000000000000000005 /* Frameworks */ = {
			isa = PBXFrameworksBuildPhase;
			buildActionMask = 2147483647;
			files = (
			);
			runOnlyForDeploymentPostprocessing = 0;
		};
900000000000000000000009 = {isa = PBXFrameworksBuildPhase; buildActionMask = 2147483647; files = (); runOnlyForDeploymentPostprocessing = 0; };
/* End PBXFrameworksBuildPhase section */

/* Begin PBXCopyFilesBuildPhase section */
90000000000000000000000B = {isa = PBXCopyFilesBuildPhase; buildActionMask = 2147483647; dstPath = ""; dstSubfolderSpec = 13; files = (900000000000000000000005, ); name = "Embed App Extensions"; runOnlyForDeploymentPostprocessing = 0; };
/* End PBXCopyFilesBuildPhase section */

/* Begin PBXGroup section */
		C00000000000000000000001 = {
			isa = PBXGroup;
			children = (
				900000000000000000000006,
				C00000000000000000000002 /* IAPNotifications */,
				C00000000000000000000003 /* IAPNotificationsTests */,
				C00000000000000000000004 /* Products */,
			);
			sourceTree = "<group>";
		};
		C00000000000000000000002 /* IAPNotifications */ = {
			isa = PBXGroup;
			children = (
				B00000000000000000000001 /* IAPNotificationsApp.swift */,
0BD200000000000000000002 /* OnboardingViews.swift */,
0BD200000000000000000001 /* Onboarding.swift */,
AA7200000000000000000002 /* MarketingPaywallView.swift */,
AA7200000000000000000001 /* MarketingStore.swift */,
				EAD200000000000000000001 /* Leads.swift */,
				F0F200000000000000000001 /* Market.swift */,
				F0F200000000000000000002 /* MarketExamples.swift */,
				F0F200000000000000000003 /* MarketStore.swift */,
				F0F200000000000000000004 /* MarketView.swift */,
				7A7200000000000000000002 /* TavernView.swift */,
				7A7200000000000000000001 /* Tavern.swift */,
				F0F200000000000000000005 /* MarketPeopleView.swift */,
				EAD200000000000000000006 /* LeadJournalExamples.swift */,
				EAD200000000000000000005 /* LeadJournal.swift */,
				EAD200000000000000000002 /* LeadsView.swift */,
				EAD200000000000000000003 /* LeadsSetupView.swift */,
				B00000000000000000000002 /* Models.swift */,
				B00000000000000000000003 /* APIClient.swift */,
				B00000000000000000000004 /* AppModel.swift */,
				B0B0B0000000000000000001 /* Trials.swift */,
				BCDD00000000000000000001 /* SalesLedger.swift */,
				B00000000000000000000016 /* QueuedSales.swift */,
                B00000000000000000000017,
                B00000000000000000000018,
				B00000000000000000000012 /* Pairing.swift */,
				B00000000000000000000013 /* PairingView.swift */,
				B00000000000000000000015 /* AppSetupViews.swift */,
				B00000000000000000000006 /* Info-Debug.plist */,
				B00000000000000000000007 /* Info-Release.plist */,
				B00000000000000000000008 /* IAPNotifications.entitlements */,
			);
			path = IAPNotifications;
			sourceTree = "<group>";
		};
		C00000000000000000000003 /* IAPNotificationsTests */ = {
			isa = PBXGroup;
			children = (
				B00000000000000000000005 /* ClientTests.swift */,
0BD200000000000000000003 /* OnboardingTests.swift */,
AA7200000000000000000003 /* MarketingTests.swift */,
7A7200000000000000000003 /* TavernTests.swift */,
				EAD200000000000000000004 /* LeadsTests.swift */,
					B0B0B0000000000000000002 /* TrialsTests.swift */,
					F0F200000000000000000006 /* MarketTests.swift */,
			);
			path = IAPNotificationsTests;
			sourceTree = "<group>";
		};
		C00000000000000000000004 /* Products */ = {
			isa = PBXGroup;
			children = (
				900000000000000000000003,
				B00000000000000000000010 /* IAPNotifications.app */,
				B00000000000000000000011 /* IAPNotificationsTests.xctest */,
			);
			name = Products;
			sourceTree = "<group>";
		};
900000000000000000000006 = {isa = PBXGroup; children = (900000000000000000000001, 900000000000000000000002, ); path = NotificationService; sourceTree = "<group>"; };
/* End PBXGroup section */

/* Begin PBXNativeTarget section */
		D00000000000000000000001 /* IAPNotifications */ = {
			isa = PBXNativeTarget;
			buildConfigurationList = F00000000000000000000002 /* Build configuration list for PBXNativeTarget "IAPNotifications" */;
			buildPhases = (
				E00000000000000000000001 /* Sources */,
				E00000000000000000000002 /* Frameworks */,
				E00000000000000000000003 /* Resources */,
90000000000000000000000B,
			);
			buildRules = (
			);
			dependencies = (90000000000000000000000D,
			);
			name = IAPNotifications;
			productName = IAPNotifications;
			productReference = B00000000000000000000010 /* IAPNotifications.app */;
			productType = "com.apple.product-type.application";
		};
		D00000000000000000000002 /* IAPNotificationsTests */ = {
			isa = PBXNativeTarget;
			buildConfigurationList = F00000000000000000000003 /* Build configuration list for PBXNativeTarget "IAPNotificationsTests" */;
			buildPhases = (
				E00000000000000000000004 /* Sources */,
				E00000000000000000000005 /* Frameworks */,
				E00000000000000000000006 /* Resources */,
			);
			buildRules = (
			);
			dependencies = (
				D00000000000000000000004 /* PBXTargetDependency */,
			);
			name = IAPNotificationsTests;
			productName = IAPNotificationsTests;
			productReference = B00000000000000000000011 /* IAPNotificationsTests.xctest */;
			productType = "com.apple.product-type.bundle.unit-test";
		};
900000000000000000000007 = {isa = PBXNativeTarget; buildConfigurationList = 900000000000000000000010; buildPhases = (900000000000000000000008, 900000000000000000000009, 90000000000000000000000A, ); buildRules = (); dependencies = (); name = NotificationService; productName = NotificationService; productReference = 900000000000000000000003; productType = "com.apple.product-type.app-extension"; };
/* End PBXNativeTarget section */

/* Begin PBXProject section */
		D00000000000000000000010 /* Project object */ = {
			isa = PBXProject;
			attributes = {
				BuildIndependentTargetsInParallel = YES;
				LastUpgradeCheck = 2640;
				TargetAttributes = {
					D00000000000000000000001 = {
						CreatedOnToolsVersion = 26.4;
						SystemCapabilities = {
							com.apple.Push = {
								enabled = 1;
							};
							com.apple.SignInWithApple = {
								enabled = 1;
							};
						};
					};
					D00000000000000000000002 = {
						CreatedOnToolsVersion = 26.4;
						TestTargetID = D00000000000000000000001;
					};
				};
			};
			buildConfigurationList = F00000000000000000000001 /* Build configuration list for PBXProject "IAPNotifications" */;
			compatibilityVersion = "Xcode 14.0";
			developmentRegion = en;
			hasScannedForEncodings = 0;
			knownRegions = (
				en,
				Base,
			);
			mainGroup = C00000000000000000000001;
			productRefGroup = C00000000000000000000004 /* Products */;
			projectDirPath = "";
			projectRoot = "";
			targets = (
900000000000000000000007,
				D00000000000000000000001 /* IAPNotifications */,
				D00000000000000000000002 /* IAPNotificationsTests */,
			);
		};
/* End PBXProject section */

/* Begin PBXResourcesBuildPhase section */
		E00000000000000000000003 /* Resources */ = {
			isa = PBXResourcesBuildPhase;
			buildActionMask = 2147483647;
			files = (
				A00000000000000000000008 /* Assets.xcassets in Resources */,
                A00000000000000000000012,
			);
			runOnlyForDeploymentPostprocessing = 0;
		};
		E00000000000000000000006 /* Resources */ = {
			isa = PBXResourcesBuildPhase;
			buildActionMask = 2147483647;
			files = (
			);
			runOnlyForDeploymentPostprocessing = 0;
		};
90000000000000000000000A = {isa = PBXResourcesBuildPhase; buildActionMask = 2147483647; files = (); runOnlyForDeploymentPostprocessing = 0; };
/* End PBXResourcesBuildPhase section */

/* Begin PBXSourcesBuildPhase section */
		E00000000000000000000001 /* Sources */ = {
			isa = PBXSourcesBuildPhase;
			buildActionMask = 2147483647;
			files = (
				A00000000000000000000001 /* IAPNotificationsApp.swift in Sources */,
0BD100000000000000000002 /* OnboardingViews.swift in Sources */,
0BD100000000000000000001 /* Onboarding.swift in Sources */,
AA7100000000000000000002 /* MarketingPaywallView.swift in Sources */,
AA7100000000000000000001 /* MarketingStore.swift in Sources */,
				EAD100000000000000000001 /* Leads.swift in Sources */,
				F0F100000000000000000001 /* Market.swift in Sources */,
				F0F100000000000000000002 /* MarketExamples.swift in Sources */,
				F0F100000000000000000003 /* MarketStore.swift in Sources */,
				F0F100000000000000000004 /* MarketView.swift in Sources */,
				7A7100000000000000000002 /* TavernView.swift in Sources */,
				7A7100000000000000000001 /* Tavern.swift in Sources */,
				F0F100000000000000000005 /* MarketPeopleView.swift in Sources */,
				EAD100000000000000000006 /* LeadJournalExamples.swift in Sources */,
				EAD100000000000000000005 /* LeadJournal.swift in Sources */,
				EAD100000000000000000002 /* LeadsView.swift in Sources */,
				EAD100000000000000000003 /* LeadsSetupView.swift in Sources */,
				A00000000000000000000002 /* Models.swift in Sources */,
				A00000000000000000000003 /* APIClient.swift in Sources */,
				A00000000000000000000004 /* AppModel.swift in Sources */,
				A0A0A0000000000000000001 /* Trials.swift in Sources */,
				ACDD00000000000000000001 /* SalesLedger.swift in Sources */,
				A00000000000000000000010 /* QueuedSales.swift in Sources */,
                A00000000000000000000011,
				A00000000000000000000006 /* Pairing.swift in Sources */,
				A00000000000000000000007 /* PairingView.swift in Sources */,
				A00000000000000000000009 /* AppSetupViews.swift in Sources */,
			);
			runOnlyForDeploymentPostprocessing = 0;
		};
		E00000000000000000000004 /* Sources */ = {
			isa = PBXSourcesBuildPhase;
			buildActionMask = 2147483647;
			files = (
				A00000000000000000000005 /* ClientTests.swift in Sources */,
0BD100000000000000000003 /* OnboardingTests.swift in Sources */,
AA7100000000000000000003 /* MarketingTests.swift in Sources */,
7A7100000000000000000003 /* TavernTests.swift in Sources */,
				EAD100000000000000000004 /* LeadsTests.swift in Sources */,
					A0A0A0000000000000000002 /* TrialsTests.swift in Sources */,
					F0F100000000000000000006 /* MarketTests.swift in Sources */,
900000000000000000000011,
			);
			runOnlyForDeploymentPostprocessing = 0;
		};
900000000000000000000008 = {isa = PBXSourcesBuildPhase; buildActionMask = 2147483647; files = (900000000000000000000004, ); runOnlyForDeploymentPostprocessing = 0; };
/* End PBXSourcesBuildPhase section */

/* Begin PBXTargetDependency section */
		D00000000000000000000004 /* PBXTargetDependency */ = {
			isa = PBXTargetDependency;
			target = D00000000000000000000001 /* IAPNotifications */;
			targetProxy = D00000000000000000000003 /* PBXContainerItemProxy */;
		};
90000000000000000000000D = {isa = PBXTargetDependency; target = 900000000000000000000007; targetProxy = 90000000000000000000000C; };
/* End PBXTargetDependency section */

/* Begin XCBuildConfiguration section */
		F00000000000000000000011 /* Debug */ = {
			isa = XCBuildConfiguration;
			buildSettings = {
				ALWAYS_SEARCH_USER_PATHS = NO;
				CLANG_ENABLE_MODULES = YES;
				CLANG_ENABLE_OBJC_ARC = YES;
				COPY_PHASE_STRIP = NO;
				DEBUG_INFORMATION_FORMAT = dwarf;
				ENABLE_TESTABILITY = YES;
				GCC_C_LANGUAGE_STANDARD = gnu17;
				GCC_OPTIMIZATION_LEVEL = 0;
				GCC_PREPROCESSOR_DEFINITIONS = (
					"DEBUG=1",
					"$(inherited)",
				);
				IPHONEOS_DEPLOYMENT_TARGET = 17.0;
				ONLY_ACTIVE_ARCH = YES;
				SDKROOT = iphoneos;
				SWIFT_ACTIVE_COMPILATION_CONDITIONS = "DEBUG $(inherited)";
				SWIFT_OPTIMIZATION_LEVEL = "-Onone";
			};
			name = Debug;
		};
		F00000000000000000000012 /* Release */ = {
			isa = XCBuildConfiguration;
			buildSettings = {
				ALWAYS_SEARCH_USER_PATHS = NO;
				CLANG_ENABLE_MODULES = YES;
				CLANG_ENABLE_OBJC_ARC = YES;
				COPY_PHASE_STRIP = NO;
				DEBUG_INFORMATION_FORMAT = "dwarf-with-dsym";
				ENABLE_NS_ASSERTIONS = NO;
				GCC_C_LANGUAGE_STANDARD = gnu17;
				IPHONEOS_DEPLOYMENT_TARGET = 17.0;
				SDKROOT = iphoneos;
				SWIFT_COMPILATION_MODE = wholemodule;
				SWIFT_OPTIMIZATION_LEVEL = "-O";
				VALIDATE_PRODUCT = YES;
			};
			name = Release;
		};
		F00000000000000000000021 /* Debug */ = {
			isa = XCBuildConfiguration;
			buildSettings = {
				APS_ENVIRONMENT = development;
				ASSETCATALOG_COMPILER_APPICON_NAME = AppIcon;
				CODE_SIGN_ENTITLEMENTS = IAPNotifications/IAPNotifications.entitlements;
				CODE_SIGN_STYLE = Automatic;
				CURRENT_PROJECT_VERSION = 32;
				DEVELOPMENT_TEAM = ZMNPR5G4ZL;
				GENERATE_INFOPLIST_FILE = NO;
				INFOPLIST_FILE = "IAPNotifications/Info-Debug.plist";
				LD_RUNPATH_SEARCH_PATHS = (
					"$(inherited)",
					"@executable_path/Frameworks",
				);
				MARKETING_VERSION = 1.0.2;
				PRODUCT_BUNDLE_IDENTIFIER = com.kozr.quest;
				PRODUCT_NAME = "$(TARGET_NAME)";
				SUPPORTED_PLATFORMS = "iphoneos iphonesimulator";
				SUPPORTS_MACCATALYST = NO;
				SWIFT_EMIT_LOC_STRINGS = YES;
				SWIFT_VERSION = 5.0;
				TARGETED_DEVICE_FAMILY = 1;
			};
			name = Debug;
		};
		F00000000000000000000022 /* Release */ = {
			isa = XCBuildConfiguration;
			buildSettings = {
				APS_ENVIRONMENT = production;
				ASSETCATALOG_COMPILER_APPICON_NAME = AppIcon;
				CODE_SIGN_ENTITLEMENTS = IAPNotifications/IAPNotifications.entitlements;
				CODE_SIGN_STYLE = Automatic;
				CURRENT_PROJECT_VERSION = 32;
				DEVELOPMENT_TEAM = ZMNPR5G4ZL;
				GENERATE_INFOPLIST_FILE = NO;
				INFOPLIST_FILE = "IAPNotifications/Info-Release.plist";
				LD_RUNPATH_SEARCH_PATHS = (
					"$(inherited)",
					"@executable_path/Frameworks",
				);
				MARKETING_VERSION = 1.0.2;
				PRODUCT_BUNDLE_IDENTIFIER = com.kozr.quest;
				PRODUCT_NAME = "$(TARGET_NAME)";
				SUPPORTED_PLATFORMS = "iphoneos iphonesimulator";
				SUPPORTS_MACCATALYST = NO;
				SWIFT_EMIT_LOC_STRINGS = YES;
				SWIFT_VERSION = 5.0;
				TARGETED_DEVICE_FAMILY = 1;
			};
			name = Release;
		};
		F00000000000000000000031 /* Debug */ = {
			isa = XCBuildConfiguration;
			buildSettings = {
				BUNDLE_LOADER = "$(TEST_HOST)";
				CODE_SIGN_STYLE = Automatic;
				CURRENT_PROJECT_VERSION = 1;
				GENERATE_INFOPLIST_FILE = YES;
				IPHONEOS_DEPLOYMENT_TARGET = 17.0;
				LD_RUNPATH_SEARCH_PATHS = (
					"$(inherited)",
					"@executable_path/Frameworks",
					"@loader_path/Frameworks",
				);
				PRODUCT_BUNDLE_IDENTIFIER = com.kozr.quest.tests;
				PRODUCT_NAME = "$(TARGET_NAME)";
				SUPPORTED_PLATFORMS = "iphoneos iphonesimulator";
				SWIFT_VERSION = 5.0;
				TARGETED_DEVICE_FAMILY = 1;
				TEST_HOST = "$(BUILT_PRODUCTS_DIR)/IAPNotifications.app/$(BUNDLE_EXECUTABLE_FOLDER_PATH)/IAPNotifications";
			};
			name = Debug;
		};
		F00000000000000000000032 /* Release */ = {
			isa = XCBuildConfiguration;
			buildSettings = {
				BUNDLE_LOADER = "$(TEST_HOST)";
				CODE_SIGN_STYLE = Automatic;
				CURRENT_PROJECT_VERSION = 1;
				GENERATE_INFOPLIST_FILE = YES;
				IPHONEOS_DEPLOYMENT_TARGET = 17.0;
				LD_RUNPATH_SEARCH_PATHS = (
					"$(inherited)",
					"@executable_path/Frameworks",
					"@loader_path/Frameworks",
				);
				PRODUCT_BUNDLE_IDENTIFIER = com.kozr.quest.tests;
				PRODUCT_NAME = "$(TARGET_NAME)";
				SUPPORTED_PLATFORMS = "iphoneos iphonesimulator";
				SWIFT_VERSION = 5.0;
				TARGETED_DEVICE_FAMILY = 1;
				TEST_HOST = "$(BUILT_PRODUCTS_DIR)/IAPNotifications.app/$(BUNDLE_EXECUTABLE_FOLDER_PATH)/IAPNotifications";
			};
			name = Release;
		};
90000000000000000000000E = {isa = XCBuildConfiguration; buildSettings = {
APPLICATION_EXTENSION_API_ONLY = YES;
CODE_SIGN_STYLE = Automatic;
CURRENT_PROJECT_VERSION = 32;
DEVELOPMENT_TEAM = ZMNPR5G4ZL;
GENERATE_INFOPLIST_FILE = NO;
INFOPLIST_FILE = NotificationService/Info.plist;
IPHONEOS_DEPLOYMENT_TARGET = 17.0;
LD_RUNPATH_SEARCH_PATHS = ("$(inherited)", "@executable_path/Frameworks", "@executable_path/../../Frameworks", );
MARKETING_VERSION = 1.0.2;
PRODUCT_BUNDLE_IDENTIFIER = com.kozr.quest.NotificationService;
PRODUCT_NAME = "$(TARGET_NAME)";
SKIP_INSTALL = YES;
SUPPORTED_PLATFORMS = "iphoneos iphonesimulator";
SWIFT_VERSION = 5.0;
TARGETED_DEVICE_FAMILY = 1;
}; name = Debug; };
90000000000000000000000F = {isa = XCBuildConfiguration; buildSettings = {
APPLICATION_EXTENSION_API_ONLY = YES;
CODE_SIGN_STYLE = Automatic;
CURRENT_PROJECT_VERSION = 32;
DEVELOPMENT_TEAM = ZMNPR5G4ZL;
GENERATE_INFOPLIST_FILE = NO;
INFOPLIST_FILE = NotificationService/Info.plist;
IPHONEOS_DEPLOYMENT_TARGET = 17.0;
LD_RUNPATH_SEARCH_PATHS = ("$(inherited)", "@executable_path/Frameworks", "@executable_path/../../Frameworks", );
MARKETING_VERSION = 1.0.2;
PRODUCT_BUNDLE_IDENTIFIER = com.kozr.quest.NotificationService;
PRODUCT_NAME = "$(TARGET_NAME)";
SKIP_INSTALL = YES;
SUPPORTED_PLATFORMS = "iphoneos iphonesimulator";
SWIFT_VERSION = 5.0;
TARGETED_DEVICE_FAMILY = 1;
}; name = Release; };
/* End XCBuildConfiguration section */

/* Begin XCConfigurationList section */
		F00000000000000000000001 /* Build configuration list for PBXProject "IAPNotifications" */ = {
			isa = XCConfigurationList;
			buildConfigurations = (
				F00000000000000000000011 /* Debug */,
				F00000000000000000000012 /* Release */,
			);
			defaultConfigurationIsVisible = 0;
			defaultConfigurationName = Release;
		};
		F00000000000000000000002 /* Build configuration list for PBXNativeTarget "IAPNotifications" */ = {
			isa = XCConfigurationList;
			buildConfigurations = (
				F00000000000000000000021 /* Debug */,
				F00000000000000000000022 /* Release */,
			);
			defaultConfigurationIsVisible = 0;
			defaultConfigurationName = Release;
		};
		F00000000000000000000003 /* Build configuration list for PBXNativeTarget "IAPNotificationsTests" */ = {
			isa = XCConfigurationList;
			buildConfigurations = (
				F00000000000000000000031 /* Debug */,
				F00000000000000000000032 /* Release */,
			);
			defaultConfigurationIsVisible = 0;
			defaultConfigurationName = Release;
		};
900000000000000000000010 = {isa = XCConfigurationList; buildConfigurations = (90000000000000000000000E, 90000000000000000000000F, ); defaultConfigurationIsVisible = 0; defaultConfigurationName = Release; };
/* End XCConfigurationList section */
	};
	rootObject = D00000000000000000000010 /* Project object */;
}
